// !$*UTF8*$!
{
	archiveVersion = 1;
	classes = {
	};
	objectVersion = 50;
	objects = {

/* Begin PBXBuildFile section */
		D166AEA920DAE10C0072B3BC /* main.swift in Sources */ = {isa = PBXBuildFile; fileRef = D166AEA820DAE10C0072B3BC /* main.swift */; };
		D166AEB020DAE1280072B3BC /* Lexer.swift in Sources */ = {isa = PBXBuildFile; fileRef = D166AEAF20DAE1280072B3BC /* Lexer.swift */; };
		D166AEB220DAEA670072B3BC /* Node.swift in Sources */ = {isa = PBXBuildFile; fileRef = D166AEB120DAEA670072B3BC /* Node.swift */; };
		D166AEB420DAEBBC0072B3BC /* Character.swift in Sources */ = {isa = PBXBuildFile; fileRef = D166AEB320DAEBBC0072B3BC /* Character.swift */; };
		D166AEB620DAEBEF0072B3BC /* Parser.swift in Sources */ = {isa = PBXBuildFile; fileRef = D166AEB520DAEBEF0072B3BC /* Parser.swift */; };
		D166AEB820DAF3F90072B3BC /* Compiler.swift in Sources */ = {isa = PBXBuildFile; fileRef = D166AEB720DAF3F90072B3BC /* Compiler.swift */; };
		D166AEBA20DAF8330072B3BC /* VirtualMachine.swift in Sources */ = {isa = PBXBuildFile; fileRef = D166AEB920DAF8330072B3BC /* VirtualMachine.swift */; };
/* End PBXBuildFile section */

/* Begin PBXCopyFilesBuildPhase section */
		D166AEA320DAE10C0072B3BC /* CopyFiles */ = {
			isa = PBXCopyFilesBuildPhase;
			buildActionMask = 2147483647;
			dstPath = /usr/share/man/man1/;
			dstSubfolderSpec = 0;
			files = (
			);
			runOnlyForDeploymentPostprocessing = 1;
		};
/* End PBXCopyFilesBuildPhase section */

/* Begin PBXFileReference section */
		D166AEA520DAE10C0072B3BC /* TC-CWORK-Khramchenko-Sisetskiy */ = {isa = PBXFileReference; explicitFileType = "compiled.mach-o.executable"; includeInIndex = 0; path = "TC-CWORK-Khramchenko-Sisetskiy"; sourceTree = BUILT_PRODUCTS_DIR; };
		D166AEA820DAE10C0072B3BC /* main.swift */ = {isa = PBXFileReference; lastKnownFileType = sourcecode.swift; path = main.swift; sourceTree = "<group>"; };
		D166AEAF20DAE1280072B3BC /* Lexer.swift */ = {isa = PBXFileReference; lastKnownFileType = sourcecode.swift; path = Lexer.swift; sourceTree = "<group>"; };
		D166AEB120DAEA670072B3BC /* Node.swift */ = {isa = PBXFileReference; lastKnownFileType = sourcecode.swift; path = Node.swift; sourceTree = "<group>"; };
		D166AEB320DAEBBC0072B3BC /* Character.swift */ = {isa = PBXFileReference; lastKnownFileType = sourcecode.swift; path = Character.swift; sourceTree = "<group>"; };
		D166AEB520DAEBEF0072B3BC /* Parser.swift */ = {isa = PBXFileReference; lastKnownFileType = sourcecode.swift; path = Parser.swift; sourceTree = "<group>"; };
		D166AEB720DAF3F90072B3BC /* Compiler.swift */ = {isa = PBXFileReference; lastKnownFileType = sourcecode.swift; path = Compiler.swift; sourceTree = "<group>"; };
		D166AEB920DAF8330072B3BC /* VirtualMachine.swift */ = {isa = PBXFileReference; lastKnownFileType = sourcecode.swift; path = VirtualMachine.swift; sourceTree = "<group>"; };
/* End PBXFileReference section */

/* Begin PBXFrameworksBuildPhase section */
		D166AEA220DAE10C0072B3BC /* Frameworks */ = {
			isa = PBXFrameworksBuildPhase;
			buildActionMask = 2147483647;
			files = (
			);
			runOnlyForDeploymentPostprocessing = 0;
		};
/* End PBXFrameworksBuildPhase section */

/* Begin PBXGroup section */
		D166AE9C20DAE10B0072B3BC = {
			isa = PBXGroup;
			children = (
				D166AEA720DAE10C0072B3BC /* TC-CWORK-Khramchenko-Sisetskiy */,
				D166AEA620DAE10C0072B3BC /* Products */,
			);
			sourceTree = "<group>";
		};
		D166AEA620DAE10C0072B3BC /* Products */ = {
			isa = PBXGroup;
			children = (
				D166AEA520DAE10C0072B3BC /* TC-CWORK-Khramchenko-Sisetskiy */,
			);
			name = Products;
			sourceTree = "<group>";
		};
		D166AEA720DAE10C0072B3BC /* TC-CWORK-Khramchenko-Sisetskiy */ = {
			isa = PBXGroup;
			children = (
				D166AEB320DAEBBC0072B3BC /* Character.swift */,
				D166AEA820DAE10C0072B3BC /* main.swift */,
				D166AEAF20DAE1280072B3BC /* Lexer.swift */,
				D166AEB120DAEA670072B3BC /* Node.swift */,
				D166AEB520DAEBEF0072B3BC /* Parser.swift */,
				D166AEB720DAF3F90072B3BC /* Compiler.swift */,
				D166AEB920DAF8330072B3BC /* VirtualMachine.swift */,
			);
			path = "TC-CWORK-Khramchenko-Sisetskiy";
			sourceTree = "<group>";
		};
/* End PBXGroup section */

/* Begin PBXNativeTarget section */
		D166AEA420DAE10C0072B3BC /* TC-CWORK-Khramchenko-Sisetskiy */ = {
			isa = PBXNativeTarget;
			buildConfigurationList = D166AEAC20DAE10C0072B3BC /* Build configuration list for PBXNativeTarget "TC-CWORK-Khramchenko-Sisetskiy" */;
			buildPhases = (
				D166AEA120DAE10C0072B3BC /* Sources */,
				D166AEA220DAE10C0072B3BC /* Frameworks */,
				D166AEA320DAE10C0072B3BC /* CopyFiles */,
			);
			buildRules = (
			);
			dependencies = (
			);
			name = "TC-CWORK-Khramchenko-Sisetskiy";
			productName = "TC-CWORK-Khramchenko-Sisetskiy";
			productReference = D166AEA520DAE10C0072B3BC /* TC-CWORK-Khramchenko-Sisetskiy */;
			productType = "com.apple.product-type.tool";
		};
/* End PBXNativeTarget section */

/* Begin PBXProject section */
		D166AE9D20DAE10B0072B3BC /* Project object */ = {
			isa = PBXProject;
			attributes = {
				LastSwiftUpdateCheck = 0930;
				LastUpgradeCheck = 0930;
				ORGANIZATIONNAME = NX;
				TargetAttributes = {
					D166AEA420DAE10C0072B3BC = {
						CreatedOnToolsVersion = 9.3;
					};
				};
			};
			buildConfigurationList = D166AEA020DAE10B0072B3BC /* Build configuration list for PBXProject "TC-CWORK-Khramchenko-Sisetskiy" */;
			compatibilityVersion = "Xcode 9.3";
			developmentRegion = en;
			hasScannedForEncodings = 0;
			knownRegions = (
				en,
			);
			mainGroup = D166AE9C20DAE10B0072B3BC;
			productRefGroup = D166AEA620DAE10C0072B3BC /* Products */;
			projectDirPath = "";
			projectRoot = "";
			targets = (
				D166AEA420DAE10C0072B3BC /* TC-CWORK-Khramchenko-Sisetskiy */,
			);
		};
/* End PBXProject section */

/* Begin PBXSourcesBuildPhase section */
		D166AEA120DAE10C0072B3BC /* Sources */ = {
			isa = PBXSourcesBuildPhase;
			buildActionMask = 2147483647;
			files = (
				D166AEBA20DAF8330072B3BC /* VirtualMachine.swift in Sources */,
				D166AEB220DAEA670072B3BC /* Node.swift in Sources */,
				D166AEB020DAE1280072B3BC /* Lexer.swift in Sources */,
				D166AEB620DAEBEF0072B3BC /* Parser.swift in Sources */,
				D166AEA920DAE10C0072B3BC /* main.swift in Sources */,
				D166AEB820DAF3F90072B3BC /* Compiler.swift in Sources */,
				D166AEB420DAEBBC0072B3BC /* Character.swift in Sources */,
			);
			runOnlyForDeploymentPostprocessing = 0;
		};
/* End PBXSourcesBuildPhase section */

/* Begin XCBuildConfiguration section */
		D166AEAA20DAE10C0072B3BC /* Debug */ = {
			isa = XCBuildConfiguration;
			buildSettings = {
				ALWAYS_SEARCH_USER_PATHS = NO;
				CLANG_ANALYZER_NONNULL = YES;
				CLANG_ANALYZER_NUMBER_OBJECT_CONVERSION = YES_AGGRESSIVE;
				CLANG_CXX_LANGUAGE_STANDARD = "gnu++14";
				CLANG_CXX_LIBRARY = "libc++";
				CLANG_ENABLE_MODULES = YES;
				CLANG_ENABLE_OBJC_ARC = YES;
				CLANG_ENABLE_OBJC_WEAK = YES;
				CLANG_WARN_BLOCK_CAPTURE_AUTORELEASING = YES;
				CLANG_WARN_BOOL_CONVERSION = YES;
				CLANG_WARN_COMMA = YES;
				CLANG_WARN_CONSTANT_CONVERSION = YES;
				CLANG_WARN_DEPRECATED_OBJC_IMPLEMENTATIONS = YES;
				CLANG_WARN_DIRECT_OBJC_ISA_USAGE = YES_ERROR;
				CLANG_WARN_DOCUMENTATION_COMMENTS = YES;
				CLANG_WARN_EMPTY_BODY = YES;
				CLANG_WARN_ENUM_CONVERSION = YES;
				CLANG_WARN_INFINITE_RECURSION = YES;
				CLANG_WARN_INT_CONVERSION = YES;
				CLANG_WARN_NON_LITERAL_NULL_CONVERSION = YES;
				CLANG_WARN_OBJC_IMPLICIT_RETAIN_SELF = YES;
				CLANG_WARN_OBJC_LITERAL_CONVERSION = YES;
				CLANG_WARN_OBJC_ROOT_CLASS = YES_ERROR;
				CLANG_WARN_RANGE_LOOP_ANALYSIS = YES;
				CLANG_WARN_STRICT_PROTOTYPES = YES;
				CLANG_WARN_SUSPICIOUS_MOVE = YES;
				CLANG_WARN_UNGUARDED_AVAILABILITY = YES_AGGRESSIVE;
				CLANG_WARN_UNREACHABLE_CODE = YES;
				CLANG_WARN__DUPLICATE_METHOD_MATCH = YES;
				CODE_SIGN_IDENTITY = "Mac Developer";
				COPY_PHASE_STRIP = NO;
				DEBUG_INFORMATION_FORMAT = dwarf;
				ENABLE_STRICT_OBJC_MSGSEND = YES;
				ENABLE_TESTABILITY = YES;
				GCC_C_LANGUAGE_STANDARD = gnu11;
				GCC_DYNAMIC_NO_PIC = NO;
				GCC_NO_COMMON_BLOCKS = YES;
				GCC_OPTIMIZATION_LEVEL = 0;
				GCC_PREPROCESSOR_DEFINITIONS = (
					"DEBUG=1",
					"$(inherited)",
				);
				GCC_WARN_64_TO_32_BIT_CONVERSION = YES;
				GCC_WARN_ABOUT_RETURN_TYPE = YES_ERROR;
				GCC_WARN_UNDECLARED_SELECTOR = YES;
				GCC_WARN_UNINITIALIZED_AUTOS = YES_AGGRESSIVE;
				GCC_WARN_UNUSED_FUNCTION = YES;
				GCC_WARN_UNUSED_VARIABLE = YES;
				MACOSX_DEPLOYMENT_TARGET = 10.13;
				MTL_ENABLE_DEBUG_INFO = YES;
				ONLY_ACTIVE_ARCH = YES;
				SDKROOT = macosx;
				SWIFT_ACTIVE_COMPILATION_CONDITIONS = DEBUG;
				SWIFT_OPTIMIZATION_LEVEL = "-Onone";
			};
			name = Debug;
		};
		D166AEAB20DAE10C0072B3BC /* Release */ = {
			isa = XCBuildConfiguration;
			buildSettings = {
				ALWAYS_SEARCH_USER_PATHS = NO;
				CLANG_ANALYZER_NONNULL = YES;
				CLANG_ANALYZER_NUMBER_OBJECT_CONVERSION = YES_AGGRESSIVE;
				CLANG_CXX_LANGUAGE_STANDARD = "gnu++14";
				CLANG_CXX_LIBRARY = "libc++";
				CLANG_ENABLE_MODULES = YES;
				CLANG_ENABLE_OBJC_ARC = YES;
				CLANG_ENABLE_OBJC_WEAK = YES;
				CLANG_WARN_BLOCK_CAPTURE_AUTORELEASING = YES;
				CLANG_WARN_BOOL_CONVERSION = YES;
				CLANG_WARN_COMMA = YES;
				CLANG_WARN_CONSTANT_CONVERSION = YES;
				CLANG_WARN_DEPRECATED_OBJC_IMPLEMENTATIONS = YES;
				CLANG_WARN_DIRECT_OBJC_ISA_USAGE = YES_ERROR;
				CLANG_WARN_DOCUMENTATION_COMMENTS = YES;
				CLANG_WARN_EMPTY_BODY = YES;
				CLANG_WARN_ENUM_CONVERSION = YES;
				CLANG_WARN_INFINITE_RECURSION = YES;
				CLANG_WARN_INT_CONVERSION = YES;
				CLANG_WARN_NON_LITERAL_NULL_CONVERSION = YES;
				CLANG_WARN_OBJC_IMPLICIT_RETAIN_SELF = YES;
				CLANG_WARN_OBJC_LITERAL_CONVERSION = YES;
				CLANG_WARN_OBJC_ROOT_CLASS = YES_ERROR;
				CLANG_WARN_RANGE_LOOP_ANALYSIS = YES;
				CLANG_WARN_STRICT_PROTOTYPES = YES;
				CLANG_WARN_SUSPICIOUS_MOVE = YES;
				CLANG_WARN_UNGUARDED_AVAILABILITY = YES_AGGRESSIVE;
				CLANG_WARN_UNREACHABLE_CODE = YES;
				CLANG_WARN__DUPLICATE_METHOD_MATCH = YES;
				CODE_SIGN_IDENTITY = "Mac Developer";
				COPY_PHASE_STRIP = NO;
				DEBUG_INFORMATION_FORMAT = "dwarf-with-dsym";
				ENABLE_NS_ASSERTIONS = NO;
				ENABLE_STRICT_OBJC_MSGSEND = YES;
				GCC_C_LANGUAGE_STANDARD = gnu11;
				GCC_NO_COMMON_BLOCKS = YES;
				GCC_WARN_64_TO_32_BIT_CONVERSION = YES;
				GCC_WARN_ABOUT_RETURN_TYPE = YES_ERROR;
				GCC_WARN_UNDECLARED_SELECTOR = YES;
				GCC_WARN_UNINITIALIZED_AUTOS = YES_AGGRESSIVE;
				GCC_WARN_UNUSED_FUNCTION = YES;
				GCC_WARN_UNUSED_VARIABLE = YES;
				MACOSX_DEPLOYMENT_TARGET = 10.13;
				MTL_ENABLE_DEBUG_INFO = NO;
				SDKROOT = macosx;
				SWIFT_COMPILATION_MODE = wholemodule;
				SWIFT_OPTIMIZATION_LEVEL = "-O";
			};
			name = Release;
		};
		D166AEAD20DAE10C0072B3BC /* Debug */ = {
			isa = XCBuildConfiguration;
			buildSettings = {
				CODE_SIGN_STYLE = Automatic;
				DEVELOPMENT_TEAM = KFU25JR552;
				PRODUCT_NAME = "$(TARGET_NAME)";
				SWIFT_VERSION = 4.0;
			};
			name = Debug;
		};
		D166AEAE20DAE10C0072B3BC /* Release */ = {
			isa = XCBuildConfiguration;
			buildSettings = {
				CODE_SIGN_STYLE = Automatic;
				DEVELOPMENT_TEAM = KFU25JR552;
				PRODUCT_NAME = "$(TARGET_NAME)";
				SWIFT_VERSION = 4.0;
			};
			name = Release;
		};
/* End XCBuildConfiguration section */

/* Begin XCConfigurationList section */
		D166AEA020DAE10B0072B3BC /* Build configuration list for PBXProject "TC-CWORK-Khramchenko-Sisetskiy" */ = {
			isa = XCConfigurationList;
			buildConfigurations = (
				D166AEAA20DAE10C0072B3BC /* Debug */,
				D166AEAB20DAE10C0072B3BC /* Release */,
			);
			defaultConfigurationIsVisible = 0;
			defaultConfigurationName = Release;
		};
		D166AEAC20DAE10C0072B3BC /* Build configuration list for PBXNativeTarget "TC-CWORK-Khramchenko-Sisetskiy" */ = {
			isa = XCConfigurationList;
			buildConfigurations = (
				D166AEAD20DAE10C0072B3BC /* Debug */,
				D166AEAE20DAE10C0072B3BC /* Release */,
			);
			defaultConfigurationIsVisible = 0;
			defaultConfigurationName = Release;
		};
/* End XCConfigurationList section */
	};
	rootObject = D166AE9D20DAE10B0072B3BC /* Project object */;
}
